// !$*UTF8*$!
{
	archiveVersion = 1;
	classes = {
	};
	objectVersion = 50;
	objects = {

/* Begin PBXBuildFile section */
		30121E87244BF0300032E073 /* CanvasView.swift in Sources */ = {isa = PBXBuildFile; fileRef = 30121E86244BF0300032E073 /* CanvasView.swift */; };
		30127EAF24541886009DAD45 /* classes.txt in Resources */ = {isa = PBXBuildFile; fileRef = 30127E9D24541886009DAD45 /* classes.txt */; };
		30127EBC24541886009DAD45 /* QuickDrawUpdatable.mlmodel in Sources */ = {isa = PBXBuildFile; fileRef = 30127EAD24541886009DAD45 /* QuickDrawUpdatable.mlmodel */; };
		30301C0525EC006F001BF678 /* ActionButton.swift in Sources */ = {isa = PBXBuildFile; fileRef = 30301C0425EC006F001BF678 /* ActionButton.swift */; };
		309D8EE6244A740E00FAA940 /* DrawnApp.swift in Sources */ = {isa = PBXBuildFile; fileRef = 309D8EE5244A740E00FAA940 /* DrawnApp.swift */; };
		309D8EEA244A740E00FAA940 /* ContentView.swift in Sources */ = {isa = PBXBuildFile; fileRef = 309D8EE9244A740E00FAA940 /* ContentView.swift */; };
		309D8EEC244A740F00FAA940 /* Assets.xcassets in Resources */ = {isa = PBXBuildFile; fileRef = 309D8EEB244A740F00FAA940 /* Assets.xcassets */; };
		309D8EF2244A740F00FAA940 /* LaunchScreen.storyboard in Resources */ = {isa = PBXBuildFile; fileRef = 309D8EF0244A740F00FAA940 /* LaunchScreen.storyboard */; };
		309D8F02244A79A800FAA940 /* Drawing.swift in Sources */ = {isa = PBXBuildFile; fileRef = 309D8F01244A79A800FAA940 /* Drawing.swift */; };
		309D8F04244A7D7600FAA940 /* ViewModel.swift in Sources */ = {isa = PBXBuildFile; fileRef = 309D8F03244A7D7600FAA940 /* ViewModel.swift */; };
		309D8F06244A7F9300FAA940 /* MLService.swift in Sources */ = {isa = PBXBuildFile; fileRef = 309D8F05244A7F9300FAA940 /* MLService.swift */; };
		309D8F08244A9CAE00FAA940 /* Canvas.swift in Sources */ = {isa = PBXBuildFile; fileRef = 309D8F07244A9CAE00FAA940 /* Canvas.swift */; };
		30D634EB244BEB6E00EE9DDB /* Preview Assets.xcassets in Resources */ = {isa = PBXBuildFile; fileRef = 30D634EA244BEB6E00EE9DDB /* Preview Assets.xcassets */; };
		30D634F2244BED8800EE9DDB /* TaskDataSource.swift in Sources */ = {isa = PBXBuildFile; fileRef = 30D634F1244BED8800EE9DDB /* TaskDataSource.swift */; };
/* End PBXBuildFile section */

/* Begin PBXFileReference section */
		30121E86244BF0300032E073 /* CanvasView.swift */ = {isa = PBXFileReference; lastKnownFileType = sourcecode.swift; path = CanvasView.swift; sourceTree = "<group>"; };
		30127E9D24541886009DAD45 /* classes.txt */ = {isa = PBXFileReference; fileEncoding = 4; lastKnownFileType = text; path = classes.txt; sourceTree = "<group>"; };
		30127EAD24541886009DAD45 /* QuickDrawUpdatable.mlmodel */ = {isa = PBXFileReference; lastKnownFileType = file.mlmodel; path = QuickDrawUpdatable.mlmodel; sourceTree = "<group>"; };
		30301C0425EC006F001BF678 /* ActionButton.swift */ = {isa = PBXFileReference; lastKnownFileType = sourcecode.swift; path = ActionButton.swift; sourceTree = "<group>"; };
		309D8EE2244A740E00FAA940 /* Drawn.app */ = {isa = PBXFileReference; explicitFileType = wrapper.application; includeInIndex = 0; path = Drawn.app; sourceTree = BUILT_PRODUCTS_DIR; };
		309D8EE5244A740E00FAA940 /* DrawnApp.swift */ = {isa = PBXFileReference; lastKnownFileType = sourcecode.swift; path = DrawnApp.swift; sourceTree = "<group>"; };
		309D8EE9244A740E00FAA940 /* ContentView.swift */ = {isa = PBXFileReference; lastKnownFileType = sourcecode.swift; path = ContentView.swift; sourceTree = "<group>"; };
		309D8EEB244A740F00FAA940 /* Assets.xcassets */ = {isa = PBXFileReference; lastKnownFileType = folder.assetcatalog; path = Assets.xcassets; sourceTree = "<group>"; };
		309D8EF1244A740F00FAA940 /* Base */ = {isa = PBXFileReference; lastKnownFileType = file.storyboard; name = Base; path = Base.lproj/LaunchScreen.storyboard; sourceTree = "<group>"; };
		309D8EF3244A740F00FAA940 /* Info.plist */ = {isa = PBXFileReference; lastKnownFileType = text.plist.xml; path = Info.plist; sourceTree = "<group>"; };
		309D8F01244A79A800FAA940 /* Drawing.swift */ = {isa = PBXFileReference; lastKnownFileType = sourcecode.swift; path = Drawing.swift; sourceTree = "<group>"; };
		309D8F03244A7D7600FAA940 /* ViewModel.swift */ = {isa = PBXFileReference; lastKnownFileType = sourcecode.swift; path = ViewModel.swift; sourceTree = "<group>"; };
		309D8F05244A7F9300FAA940 /* MLService.swift */ = {isa = PBXFileReference; lastKnownFileType = sourcecode.swift; path = MLService.swift; sourceTree = "<group>"; };
		309D8F07244A9CAE00FAA940 /* Canvas.swift */ = {isa = PBXFileReference; lastKnownFileType = sourcecode.swift; path = Canvas.swift; sourceTree = "<group>"; };
		30CEBA42244B89D900E7CA55 /* Drawn.entitlements */ = {isa = PBXFileReference; lastKnownFileType = text.plist.entitlements; path = Drawn.entitlements; sourceTree = "<group>"; };
		30D634EA244BEB6E00EE9DDB /* Preview Assets.xcassets */ = {isa = PBXFileReference; lastKnownFileType = folder.assetcatalog; path = "Preview Assets.xcassets"; sourceTree = "<group>"; };
		30D634F1244BED8800EE9DDB /* TaskDataSource.swift */ = {isa = PBXFileReference; lastKnownFileType = sourcecode.swift; path = TaskDataSource.swift; sourceTree = "<group>"; };
/* End PBXFileReference section */

/* Begin PBXFrameworksBuildPhase section */
		309D8EDF244A740E00FAA940 /* Frameworks */ = {
			isa = PBXFrameworksBuildPhase;
			buildActionMask = 2147483647;
			files = (
			);
			runOnlyForDeploymentPostprocessing = 0;
		};
/* End PBXFrameworksBuildPhase section */

/* Begin PBXGroup section */
		30121E85244BF0230032E073 /* Canvas */ = {
			isa = PBXGroup;
			children = (
				309D8F07244A9CAE00FAA940 /* Canvas.swift */,
				30121E86244BF0300032E073 /* CanvasView.swift */,
			);
			path = Canvas;
			sourceTree = "<group>";
		};
		30127E9C24541886009DAD45 /* Model */ = {
			isa = PBXGroup;
			children = (
				30127E9D24541886009DAD45 /* classes.txt */,
				30127EAD24541886009DAD45 /* QuickDrawUpdatable.mlmodel */,
			);
			path = Model;
			sourceTree = "<group>";
		};
		30301C0725EC0077001BF678 /* Components */ = {
			isa = PBXGroup;
			children = (
				30301C0425EC006F001BF678 /* ActionButton.swift */,
				30121E85244BF0230032E073 /* Canvas */,
			);
			path = Components;
			sourceTree = "<group>";
		};
		309D8ED9244A740E00FAA940 = {
			isa = PBXGroup;
			children = (
				30127E9C24541886009DAD45 /* Model */,
				309D8EE4244A740E00FAA940 /* Drawn */,
				309D8EE3244A740E00FAA940 /* Products */,
			);
			sourceTree = "<group>";
		};
		309D8EE3244A740E00FAA940 /* Products */ = {
			isa = PBXGroup;
			children = (
				309D8EE2244A740E00FAA940 /* Drawn.app */,
			);
			name = Products;
			sourceTree = "<group>";
		};
		309D8EE4244A740E00FAA940 /* Drawn */ = {
			isa = PBXGroup;
			children = (
				30CEBA42244B89D900E7CA55 /* Drawn.entitlements */,
				30D634EF244BEC1E00EE9DDB /* UI */,
				30D634EE244BEC1300EE9DDB /* Services */,
				30D634ED244BEBE900EE9DDB /* Models */,
				30D634EC244BEBD000EE9DDB /* Common */,
				30CEBA45244BEB2100E7CA55 /* Supporting Files */,
			);
			path = Drawn;
			sourceTree = "<group>";
		};
		30CEBA45244BEB2100E7CA55 /* Supporting Files */ = {
			isa = PBXGroup;
			children = (
				30D634E9244BEB6E00EE9DDB /* Preview Content */,
				309D8EEB244A740F00FAA940 /* Assets.xcassets */,
				309D8EF0244A740F00FAA940 /* LaunchScreen.storyboard */,
				309D8EF3244A740F00FAA940 /* Info.plist */,
			);
			path = "Supporting Files";
			sourceTree = "<group>";
		};
		30D634E9244BEB6E00EE9DDB /* Preview Content */ = {
			isa = PBXGroup;
			children = (
				30D634EA244BEB6E00EE9DDB /* Preview Assets.xcassets */,
			);
			path = "Preview Content";
			sourceTree = "<group>";
		};
		30D634EC244BEBD000EE9DDB /* Common */ = {
			isa = PBXGroup;
			children = (
				309D8EE5244A740E00FAA940 /* DrawnApp.swift */,
			);
			path = Common;
			sourceTree = "<group>";
		};
		30D634ED244BEBE900EE9DDB /* Models */ = {
			isa = PBXGroup;
			children = (
				309D8F01244A79A800FAA940 /* Drawing.swift */,
			);
			path = Models;
			sourceTree = "<group>";
		};
		30D634EE244BEC1300EE9DDB /* Services */ = {
			isa = PBXGroup;
			children = (
				309D8F05244A7F9300FAA940 /* MLService.swift */,
				30D634F1244BED8800EE9DDB /* TaskDataSource.swift */,
			);
			path = Services;
			sourceTree = "<group>";
		};
		30D634EF244BEC1E00EE9DDB /* UI */ = {
			isa = PBXGroup;
			children = (
				309D8F03244A7D7600FAA940 /* ViewModel.swift */,
				309D8EE9244A740E00FAA940 /* ContentView.swift */,
				30301C0725EC0077001BF678 /* Components */,
			);
			path = UI;
			sourceTree = "<group>";
		};
/* End PBXGroup section */

/* Begin PBXNativeTarget section */
		309D8EE1244A740E00FAA940 /* Drawn */ = {
			isa = PBXNativeTarget;
			buildConfigurationList = 309D8EF6244A740F00FAA940 /* Build configuration list for PBXNativeTarget "Drawn" */;
			buildPhases = (
				309D8EDE244A740E00FAA940 /* Sources */,
				309D8EDF244A740E00FAA940 /* Frameworks */,
				309D8EE0244A740E00FAA940 /* Resources */,
			);
			buildRules = (
			);
			dependencies = (
			);
			name = Drawn;
			productName = DrawerGame;
			productReference = 309D8EE2244A740E00FAA940 /* Drawn.app */;
			productType = "com.apple.product-type.application";
		};
/* End PBXNativeTarget section */

/* Begin PBXProject section */
		309D8EDA244A740E00FAA940 /* Project object */ = {
			isa = PBXProject;
			attributes = {
				LastSwiftUpdateCheck = 1140;
				LastUpgradeCheck = 1240;
				ORGANIZATIONNAME = "Roman Mazeev";
				TargetAttributes = {
					309D8EE1244A740E00FAA940 = {
						CreatedOnToolsVersion = 11.4.1;
					};
				};
			};
			buildConfigurationList = 309D8EDD244A740E00FAA940 /* Build configuration list for PBXProject "Drawn" */;
			compatibilityVersion = "Xcode 9.3";
			developmentRegion = en;
			hasScannedForEncodings = 0;
			knownRegions = (
				en,
				Base,
			);
			mainGroup = 309D8ED9244A740E00FAA940;
			productRefGroup = 309D8EE3244A740E00FAA940 /* Products */;
			projectDirPath = "";
			projectRoot = "";
			targets = (
				309D8EE1244A740E00FAA940 /* Drawn */,
			);
		};
/* End PBXProject section */

/* Begin PBXResourcesBuildPhase section */
		309D8EE0244A740E00FAA940 /* Resources */ = {
			isa = PBXResourcesBuildPhase;
			buildActionMask = 2147483647;
			files = (
				309D8EF2244A740F00FAA940 /* LaunchScreen.storyboard in Resources */,
				30D634EB244BEB6E00EE9DDB /* Preview Assets.xcassets in Resources */,
				309D8EEC244A740F00FAA940 /* Assets.xcassets in Resources */,
				30127EAF24541886009DAD45 /* classes.txt in Resources */,
			);
			runOnlyForDeploymentPostprocessing = 0;
		};
/* End PBXResourcesBuildPhase section */

/* Begin PBXSourcesBuildPhase section */
		309D8EDE244A740E00FAA940 /* Sources */ = {
			isa = PBXSourcesBuildPhase;
			buildActionMask = 2147483647;
			files = (
				309D8EE6244A740E00FAA940 /* DrawnApp.swift in Sources */,
				30121E87244BF0300032E073 /* CanvasView.swift in Sources */,
				30127EBC24541886009DAD45 /* QuickDrawUpdatable.mlmodel in Sources */,
				309D8F08244A9CAE00FAA940 /* Canvas.swift in Sources */,
				309D8EEA244A740E00FAA940 /* ContentView.swift in Sources */,
				309D8F04244A7D7600FAA940 /* ViewModel.swift in Sources */,
				309D8F06244A7F9300FAA940 /* MLService.swift in Sources */,
				309D8F02244A79A800FAA940 /* Drawing.swift in Sources */,
				30D634F2244BED8800EE9DDB /* TaskDataSource.swift in Sources */,
				30301C0525EC006F001BF678 /* ActionButton.swift in Sources */,
			);
			runOnlyForDeploymentPostprocessing = 0;
		};
/* End PBXSourcesBuildPhase section */

/* Begin PBXVariantGroup section */
		309D8EF0244A740F00FAA940 /* LaunchScreen.storyboard */ = {
			isa = PBXVariantGroup;
			children = (
				309D8EF1244A740F00FAA940 /* Base */,
			);
			name = LaunchScreen.storyboard;
			sourceTree = "<group>";
		};
/* End PBXVariantGroup section */

/* Begin XCBuildConfiguration section */
		309D8EF4244A740F00FAA940 /* Debug */ = {
			isa = XCBuildConfiguration;
			buildSettings = {
				ALWAYS_SEARCH_USER_PATHS = NO;
				CLANG_ANALYZER_NONNULL = YES;
				CLANG_ANALYZER_NUMBER_OBJECT_CONVERSION = YES_AGGRESSIVE;
				CLANG_CXX_LANGUAGE_STANDARD = "gnu++14";
				CLANG_CXX_LIBRARY = "libc++";
				CLANG_ENABLE_MODULES = YES;
				CLANG_ENABLE_OBJC_ARC = YES;
				CLANG_ENABLE_OBJC_WEAK = YES;
				CLANG_WARN_BLOCK_CAPTURE_AUTORELEASING = YES;
				CLANG_WARN_BOOL_CONVERSION = YES;
				CLANG_WARN_COMMA = YES;
				CLANG_WARN_CONSTANT_CONVERSION = YES;
				CLANG_WARN_DEPRECATED_OBJC_IMPLEMENTATIONS = YES;
				CLANG_WARN_DIRECT_OBJC_ISA_USAGE = YES_ERROR;
				CLANG_WARN_DOCUMENTATION_COMMENTS = YES;
				CLANG_WARN_EMPTY_BODY = YES;
				CLANG_WARN_ENUM_CONVERSION = YES;
				CLANG_WARN_INFINITE_RECURSION = YES;
				CLANG_WARN_INT_CONVERSION = YES;
				CLANG_WARN_NON_LITERAL_NULL_CONVERSION = YES;
				CLANG_WARN_OBJC_IMPLICIT_RETAIN_SELF = YES;
				CLANG_WARN_OBJC_LITERAL_CONVERSION = YES;
				CLANG_WARN_OBJC_ROOT_CLASS = YES_ERROR;
				CLANG_WARN_QUOTED_INCLUDE_IN_FRAMEWORK_HEADER = YES;
				CLANG_WARN_RANGE_LOOP_ANALYSIS = YES;
				CLANG_WARN_STRICT_PROTOTYPES = YES;
				CLANG_WARN_SUSPICIOUS_MOVE = YES;
				CLANG_WARN_UNGUARDED_AVAILABILITY = YES_AGGRESSIVE;
				CLANG_WARN_UNREACHABLE_CODE = YES;
				CLANG_WARN__DUPLICATE_METHOD_MATCH = YES;
				COPY_PHASE_STRIP = NO;
				DEBUG_INFORMATION_FORMAT = dwarf;
				ENABLE_STRICT_OBJC_MSGSEND = YES;
				ENABLE_TESTABILITY = YES;
				GCC_C_LANGUAGE_STANDARD = gnu11;
				GCC_DYNAMIC_NO_PIC = NO;
				GCC_NO_COMMON_BLOCKS = YES;
				GCC_OPTIMIZATION_LEVEL = 0;
				GCC_PREPROCESSOR_DEFINITIONS = (
					"DEBUG=1",
					"$(inherited)",
				);
				GCC_WARN_64_TO_32_BIT_CONVERSION = YES;
				GCC_WARN_ABOUT_RETURN_TYPE = YES_ERROR;
				GCC_WARN_UNDECLARED_SELECTOR = YES;
				GCC_WARN_UNINITIALIZED_AUTOS = YES_AGGRESSIVE;
				GCC_WARN_UNUSED_FUNCTION = YES;
				GCC_WARN_UNUSED_VARIABLE = YES;
				IPHONEOS_DEPLOYMENT_TARGET = 14.4;
				MTL_ENABLE_DEBUG_INFO = INCLUDE_SOURCE;
				MTL_FAST_MATH = YES;
				ONLY_ACTIVE_ARCH = YES;
				SDKROOT = iphoneos;
				SWIFT_ACTIVE_COMPILATION_CONDITIONS = DEBUG;
				SWIFT_OPTIMIZATION_LEVEL = "-Onone";
			};
			name = Debug;
		};
		309D8EF5244A740F00FAA940 /* Release */ = {
			isa = XCBuildConfiguration;
			buildSettings = {
				ALWAYS_SEARCH_USER_PATHS = NO;
				CLANG_ANALYZER_NONNULL = YES;
				CLANG_ANALYZER_NUMBER_OBJECT_CONVERSION = YES_AGGRESSIVE;
				CLANG_CXX_LANGUAGE_STANDARD = "gnu++14";
				CLANG_CXX_LIBRARY = "libc++";
				CLANG_ENABLE_MODULES = YES;
				CLANG_ENABLE_OBJC_ARC = YES;
				CLANG_ENABLE_OBJC_WEAK = YES;
				CLANG_WARN_BLOCK_CAPTURE_AUTORELEASING = YES;
				CLANG_WARN_BOOL_CONVERSION = YES;
				CLANG_WARN_COMMA = YES;
				CLANG_WARN_CONSTANT_CONVERSION = YES;
				CLANG_WARN_DEPRECATED_OBJC_IMPLEMENTATIONS = YES;
				CLANG_WARN_DIRECT_OBJC_ISA_USAGE = YES_ERROR;
				CLANG_WARN_DOCUMENTATION_COMMENTS = YES;
				CLANG_WARN_EMPTY_BODY = YES;
				CLANG_WARN_ENUM_CONVERSION = YES;
				CLANG_WARN_INFINITE_RECURSION = YES;
				CLANG_WARN_INT_CONVERSION = YES;
				CLANG_WARN_NON_LITERAL_NULL_CONVERSION = YES;
				CLANG_WARN_OBJC_IMPLICIT_RETAIN_SELF = YES;
				CLANG_WARN_OBJC_LITERAL_CONVERSION = YES;
				CLANG_WARN_OBJC_ROOT_CLASS = YES_ERROR;
				CLANG_WARN_QUOTED_INCLUDE_IN_FRAMEWORK_HEADER = YES;
				CLANG_WARN_RANGE_LOOP_ANALYSIS = YES;
				CLANG_WARN_STRICT_PROTOTYPES = YES;
				CLANG_WARN_SUSPICIOUS_MOVE = YES;
				CLANG_WARN_UNGUARDED_AVAILABILITY = YES_AGGRESSIVE;
				CLANG_WARN_UNREACHABLE_CODE = YES;
				CLANG_WARN__DUPLICATE_METHOD_MATCH = YES;
				COPY_PHASE_STRIP = NO;
				DEBUG_INFORMATION_FORMAT = "dwarf-with-dsym";
				ENABLE_NS_ASSERTIONS = NO;
				ENABLE_STRICT_OBJC_MSGSEND = YES;
				GCC_C_LANGUAGE_STANDARD = gnu11;
				GCC_NO_COMMON_BLOCKS = YES;
				GCC_WARN_64_TO_32_BIT_CONVERSION = YES;
				GCC_WARN_ABOUT_RETURN_TYPE = YES_ERROR;
				GCC_WARN_UNDECLARED_SELECTOR = YES;
				GCC_WARN_UNINITIALIZED_AUTOS = YES_AGGRESSIVE;
				GCC_WARN_UNUSED_FUNCTION = YES;
				GCC_WARN_UNUSED_VARIABLE = YES;
				IPHONEOS_DEPLOYMENT_TARGET = 14.4;
				MTL_ENABLE_DEBUG_INFO = NO;
				MTL_FAST_MATH = YES;
				SDKROOT = iphoneos;
				SWIFT_COMPILATION_MODE = wholemodule;
				SWIFT_OPTIMIZATION_LEVEL = "-O";
				VALIDATE_PRODUCT = YES;
			};
			name = Release;
		};
		309D8EF7244A740F00FAA940 /* Debug */ = {
			isa = XCBuildConfiguration;
			buildSettings = {
				ASSETCATALOG_COMPILER_APPICON_NAME = AppIcon;
				CODE_SIGN_ENTITLEMENTS = Drawn/Drawn.entitlements;
				CODE_SIGN_STYLE = Automatic;
				DEVELOPMENT_ASSET_PATHS = "\"Drawn/Supporting Files/Preview Content\"";
				DEVELOPMENT_TEAM = 2AB5X5S74A;
				ENABLE_PREVIEWS = YES;
				INFOPLIST_FILE = "$(SRCROOT)/Drawn/Supporting Files/Info.plist";
				IPHONEOS_DEPLOYMENT_TARGET = 14.1;
				"IPHONEOS_DEPLOYMENT_TARGET[sdk=macosx*]" = 14.2;
				LD_RUNPATH_SEARCH_PATHS = (
					"$(inherited)",
					"@executable_path/Frameworks",
				);
				PRODUCT_BUNDLE_IDENTIFIER = romanmazeev.Drawn;
				PRODUCT_NAME = "$(TARGET_NAME)";
				SUPPORTS_MACCATALYST = YES;
				SWIFT_VERSION = 5.0;
				TARGETED_DEVICE_FAMILY = "1,2,6";
			};
			name = Debug;
		};
		309D8EF8244A740F00FAA940 /* Release */ = {
			isa = XCBuildConfiguration;
			buildSettings = {
				ASSETCATALOG_COMPILER_APPICON_NAME = AppIcon;
				CODE_SIGN_ENTITLEMENTS = Drawn/Drawn.entitlements;
				CODE_SIGN_STYLE = Automatic;
				DEVELOPMENT_ASSET_PATHS = "\"Drawn/Supporting Files/Preview Content\"";
				DEVELOPMENT_TEAM = 2AB5X5S74A;
				ENABLE_PREVIEWS = YES;
				INFOPLIST_FILE = "$(SRCROOT)/Drawn/Supporting Files/Info.plist";
				IPHONEOS_DEPLOYMENT_TARGET = 14.1;
				"IPHONEOS_DEPLOYMENT_TARGET[sdk=macosx*]" = 14.2;
				LD_RUNPATH_SEARCH_PATHS = (
					"$(inherited)",
					"@executable_path/Frameworks",
				);
				PRODUCT_BUNDLE_IDENTIFIER = romanmazeev.Drawn;
				PRODUCT_NAME = "$(TARGET_NAME)";
				SUPPORTS_MACCATALYST = YES;
				SWIFT_VERSION = 5.0;
				TARGETED_DEVICE_FAMILY = "1,2,6";
			};
			name = Release;
		};
/* End XCBuildConfiguration section */

/* Begin XCConfigurationList section */
		309D8EDD244A740E00FAA940 /* Build configuration list for PBXProject "Drawn" */ = {
			isa = XCConfigurationList;
			buildConfigurations = (
				309D8EF4244A740F00FAA940 /* Debug */,
				309D8EF5244A740F00FAA940 /* Release */,
			);
			defaultConfigurationIsVisible = 0;
			defaultConfigurationName = Release;
		};
		309D8EF6244A740F00FAA940 /* Build configuration list for PBXNativeTarget "Drawn" */ = {
			isa = XCConfigurationList;
			buildConfigurations = (
				309D8EF7244A740F00FAA940 /* Debug */,
				309D8EF8244A740F00FAA940 /* Release */,
			);
			defaultConfigurationIsVisible = 0;
			defaultConfigurationName = Release;
		};
/* End XCConfigurationList section */
	};
	rootObject = 309D8EDA244A740E00FAA940 /* Project object */;
}
